
Microsoft Visual Studio Solution File, Format Version 12.00
# Visual Studio 2013
VisualStudioVersion = 12.0.31101.0
MinimumVisualStudioVersion = 10.0.40219.1
Project("{FAE04EC0-301F-11D3-BF4B-00C04F79EFBC}") = "1.Shapes", "4.OOP-Principles-Part-II\1.Shapes.csproj", "{35837DC4-7B0D-48DE-9CC0-6B052EE429E4}"
EndProject
Project("{FAE04EC0-301F-11D3-BF4B-00C04F79EFBC}") = "3.MyException", "3.MyException\3.MyException.csproj", "{74DCD55C-1EF2-4DD0-A116-3848C113826A}"
EndProject
Project("{FAE04EC0-301F-11D3-BF4B-00C04F79EFBC}") = "2.BankTask", "2.BankTask\2.BankTask.csproj", "{82A37CBB-BBE3-4011-AC68-DB53206D31CC}"
EndProject
Global
	GlobalSection(SolutionConfigurationPlatforms) = preSolution
		Debug|Any CPU = Debug|Any CPU
		Release|Any CPU = Release|Any CPU
	EndGlobalSection
	GlobalSection(ProjectConfigurationPlatforms) = postSolution
		{35837DC4-7B0D-48DE-9CC0-6B052EE429E4}.Debug|Any CPU.ActiveCfg = Debug|Any CPU
		{35837DC4-7B0D-48DE-9CC0-6B052EE429E4}.Debug|Any CPU.Build.0 = Debug|Any CPU
		{35837DC4-7B0D-48DE-9CC0-6B052EE429E4}.Release|Any CPU.ActiveCfg = Release|Any CPU
		{35837DC4-7B0D-48DE-9CC0-6B052EE429E4}.Release|Any CPU.Build.0 = Release|Any CPU
		{74DCD55C-1EF2-4DD0-A116-3848C113826A}.Debug|Any CPU.ActiveCfg = Debug|Any CPU
		{74DCD55C-1EF2-4DD0-A116-3848C113826A}.Debug|Any CPU.Build.0 = Debug|Any CPU
		{74DCD55C-1EF2-4DD0-A116-3848C113826A}.Release|Any CPU.ActiveCfg = Release|Any CPU
		{74DCD55C-1EF2-4DD0-A116-3848C113826A}.Release|Any CPU.Build.0 = Release|Any CPU
		{82A37CBB-BBE3-4011-AC68-DB53206D31CC}.Debug|Any CPU.ActiveCfg = Debug|Any CPU
		{82A37CBB-BBE3-4011-AC68-DB53206D31CC}.Debug|Any CPU.Build.0 = Debug|Any CPU
		{82A37CBB-BBE3-4011-AC68-DB53206D31CC}.Release|Any CPU.ActiveCfg = Release|Any CPU
		{82A37CBB-BBE3-4011-AC68-DB53206D31CC}.Release|Any CPU.Build.0 = Release|Any CPU
	EndGlobalSection
	GlobalSection(SolutionProperties) = preSolution
		HideSolutionNode = FALSE
	EndGlobalSection
EndGlobal
