
Microsoft Visual Studio Solution File, Format Version 12.00
# Visual Studio 2013
VisualStudioVersion = 12.0.30723.0
MinimumVisualStudioVersion = 10.0.40219.1
Project("{FAE04EC0-301F-11D3-BF4B-00C04F79EFBC}") = "1.Persons", "1. Defining-Classes-Homework\1.Persons.csproj", "{EE1C5734-96A4-4E71-92B1-AB1D3BD5239A}"
EndProject
Project("{FAE04EC0-301F-11D3-BF4B-00C04F79EFBC}") = "2.Laptop Shop", "2.Laptops\2.Laptop Shop.csproj", "{B7F11A5D-EFC6-4AC5-BDF8-FA4C1DA16262}"
EndProject
Project("{FAE04EC0-301F-11D3-BF4B-00C04F79EFBC}") = "3.PC Catalog", "3.PC Catalog\3.PC Catalog.csproj", "{16C62DE8-C970-400D-82F6-001E81541434}"
EndProject
Global
	GlobalSection(SolutionConfigurationPlatforms) = preSolution
		Debug|Any CPU = Debug|Any CPU
		Release|Any CPU = Release|Any CPU
	EndGlobalSection
	GlobalSection(ProjectConfigurationPlatforms) = postSolution
		{EE1C5734-96A4-4E71-92B1-AB1D3BD5239A}.Debug|Any CPU.ActiveCfg = Debug|Any CPU
		{EE1C5734-96A4-4E71-92B1-AB1D3BD5239A}.Debug|Any CPU.Build.0 = Debug|Any CPU
		{EE1C5734-96A4-4E71-92B1-AB1D3BD5239A}.Release|Any CPU.ActiveCfg = Release|Any CPU
		{EE1C5734-96A4-4E71-92B1-AB1D3BD5239A}.Release|Any CPU.Build.0 = Release|Any CPU
		{B7F11A5D-EFC6-4AC5-BDF8-FA4C1DA16262}.Debug|Any CPU.ActiveCfg = Debug|Any CPU
		{B7F11A5D-EFC6-4AC5-BDF8-FA4C1DA16262}.Debug|Any CPU.Build.0 = Debug|Any CPU
		{B7F11A5D-EFC6-4AC5-BDF8-FA4C1DA16262}.Release|Any CPU.ActiveCfg = Release|Any CPU
		{B7F11A5D-EFC6-4AC5-BDF8-FA4C1DA16262}.Release|Any CPU.Build.0 = Release|Any CPU
		{16C62DE8-C970-400D-82F6-001E81541434}.Debug|Any CPU.ActiveCfg = Debug|Any CPU
		{16C62DE8-C970-400D-82F6-001E81541434}.Debug|Any CPU.Build.0 = Debug|Any CPU
		{16C62DE8-C970-400D-82F6-001E81541434}.Release|Any CPU.ActiveCfg = Release|Any CPU
		{16C62DE8-C970-400D-82F6-001E81541434}.Release|Any CPU.Build.0 = Release|Any CPU
	EndGlobalSection
	GlobalSection(SolutionProperties) = preSolution
		HideSolutionNode = FALSE
	EndGlobalSection
EndGlobal
