
Microsoft Visual Studio Solution File, Format Version 12.00
# Visual Studio 2013
VisualStudioVersion = 12.0.31101.0
MinimumVisualStudioVersion = 10.0.40219.1
Project("{FAE04EC0-301F-11D3-BF4B-00C04F79EFBC}") = "1.SchooLidentify", "4.OOP-Principles-Part-I\1.SchooLidentify.csproj", "{DCA13D7C-45B6-401E-A145-82ACDE82EA4B}"
EndProject
Project("{FAE04EC0-301F-11D3-BF4B-00C04F79EFBC}") = "2.AbstractHumman", "2.AbstractHumman\2.AbstractHumman.csproj", "{F8FFAC0E-25BE-4C1F-84DC-22EEF920F83E}"
EndProject
Project("{FAE04EC0-301F-11D3-BF4B-00C04F79EFBC}") = "3.CreateHierarhy", "3.CreateHierarhy\3.CreateHierarhy.csproj", "{DB092F34-3A6F-4427-810F-A5276C432BA6}"
EndProject
Global
	GlobalSection(SolutionConfigurationPlatforms) = preSolution
		Debug|Any CPU = Debug|Any CPU
		Release|Any CPU = Release|Any CPU
	EndGlobalSection
	GlobalSection(ProjectConfigurationPlatforms) = postSolution
		{DCA13D7C-45B6-401E-A145-82ACDE82EA4B}.Debug|Any CPU.ActiveCfg = Debug|Any CPU
		{DCA13D7C-45B6-401E-A145-82ACDE82EA4B}.Debug|Any CPU.Build.0 = Debug|Any CPU
		{DCA13D7C-45B6-401E-A145-82ACDE82EA4B}.Release|Any CPU.ActiveCfg = Release|Any CPU
		{DCA13D7C-45B6-401E-A145-82ACDE82EA4B}.Release|Any CPU.Build.0 = Release|Any CPU
		{F8FFAC0E-25BE-4C1F-84DC-22EEF920F83E}.Debug|Any CPU.ActiveCfg = Debug|Any CPU
		{F8FFAC0E-25BE-4C1F-84DC-22EEF920F83E}.Debug|Any CPU.Build.0 = Debug|Any CPU
		{F8FFAC0E-25BE-4C1F-84DC-22EEF920F83E}.Release|Any CPU.ActiveCfg = Release|Any CPU
		{F8FFAC0E-25BE-4C1F-84DC-22EEF920F83E}.Release|Any CPU.Build.0 = Release|Any CPU
		{DB092F34-3A6F-4427-810F-A5276C432BA6}.Debug|Any CPU.ActiveCfg = Debug|Any CPU
		{DB092F34-3A6F-4427-810F-A5276C432BA6}.Debug|Any CPU.Build.0 = Debug|Any CPU
		{DB092F34-3A6F-4427-810F-A5276C432BA6}.Release|Any CPU.ActiveCfg = Release|Any CPU
		{DB092F34-3A6F-4427-810F-A5276C432BA6}.Release|Any CPU.Build.0 = Release|Any CPU
	EndGlobalSection
	GlobalSection(SolutionProperties) = preSolution
		HideSolutionNode = FALSE
	EndGlobalSection
EndGlobal
